# This file was autogenerated by Stack.
# You should not edit this file by hand.
# For more information, please see the documentation at:
#   https://docs.haskellstack.org/en/stable/lock_files

packages:
- completed:
    hackage: random-1.1@sha256:7b67624fd76ddf97c206de0801dc7e888097e9d572974be9b9ea6551d76965df,1777
    pantry-tree:
      size: 637
      sha256: 14a1b01728c5584e87c9fa00746a66e28ffd89dd2c0eabd334c8463953496e1b
  original:
    hackage: random-1.1
- completed:
    hackage: psqueues-0.2.7.2@sha256:dbefb35cff7f85ecbe846aed9d6362a3ce1c45260885fb9d562d8c8ed8a81534,4926
    pantry-tree:
      size: 1696
      sha256: 3da71e8233d631954b5b853e34fa7fc7b052cc7f77291bc2037a95645462d3fd
  original:
    hackage: psqueues-0.2.7.2
- completed:
    hackage: astar-0.3.0.0@sha256:8bf6350542e9db9451490e8993560ee843dc48a61d46a206985430f9b62461c8,967
    pantry-tree:
      size: 213
      sha256: c4176cc3fc9ad39f2a9fc7eb4346c87b6e60b70ba23d8e2adbdfc81fe544b808
  original:
    hackage: astar-0.3.0.0
snapshots:
- completed:
    size: 493124
    url: https://raw.githubusercontent.com/commercialhaskell/stackage-snapshots/master/lts/15/10.yaml
    sha256: 48bc6d1d59224a5166265ef6cdda6a512f29ecc8ef7331826312b82377e89507
  original: lts-15.10
